<?xml version="1.0" encoding="UTF-8" standalone="yes" ?>
<CodeBlocks_project_file>
	<FileVersion major="1" minor="6" />
	<Project>
		<Option title="µC/OS-II" />
		<Option pch_mode="2" />
		<Option compiler="gcc" />
		<Build>
			<Target title="Debug">
				<Option output="bin/Debug/OS2" prefix_auto="1" extension_auto="1" />
				<Option working_dir="" />
				<Option object_output="obj/Debug/" />
				<Option type="2" />
				<Option compiler="gcc" />
				<Compiler>
					<Add option="-g" />
				</Compiler>
			</Target>
			<Target title="Release">
				<Option output="bin/Release/FS" prefix_auto="1" extension_auto="1" />
				<Option working_dir="" />
				<Option object_output="obj/Release/" />
				<Option type="2" />
				<Option compiler="gcc" />
				<Compiler>
					<Add option="-O2" />
				</Compiler>
				<Linker>
					<Add option="-s" />
				</Linker>
			</Target>
		</Build>
		<Compiler>
			<Add option="-Wall" />
			<Add directory="../CFG" />
			<Add directory="../uC-CPU" />
			<Add directory="../uC-CPU/Win32/Visual_Studio" />
			<Add directory="../uC-LIB" />
			<Add directory="Ports/Win32/Visual Studio" />
			<Add directory="Source" />
			<Add directory="." />
		</Compiler>
		<Unit filename="LICENSE" />
		<Unit filename="NOTICE" />
		<Unit filename="Ports/Win32/Visual Studio/os_cpu.h" />
		<Unit filename="Ports/Win32/Visual Studio/os_cpu_c.c">
			<Option compilerVar="CC" />
		</Unit>
		<Unit filename="README.rst" />
		<Unit filename="Source/os.h" />
		<Unit filename="Source/os_core.c">
			<Option compilerVar="CC" />
		</Unit>
		<Unit filename="Source/os_dbg_r.c">
			<Option compilerVar="CC" />
		</Unit>
		<Unit filename="Source/os_flag.c">
			<Option compilerVar="CC" />
		</Unit>
		<Unit filename="Source/os_mbox.c">
			<Option compilerVar="CC" />
		</Unit>
		<Unit filename="Source/os_mem.c">
			<Option compilerVar="CC" />
		</Unit>
		<Unit filename="Source/os_mutex.c">
			<Option compilerVar="CC" />
		</Unit>
		<Unit filename="Source/os_q.c">
			<Option compilerVar="CC" />
		</Unit>
		<Unit filename="Source/os_sem.c">
			<Option compilerVar="CC" />
		</Unit>
		<Unit filename="Source/os_task.c">
			<Option compilerVar="CC" />
		</Unit>
		<Unit filename="Source/os_time.c">
			<Option compilerVar="CC" />
		</Unit>
		<Unit filename="Source/os_tmr.c">
			<Option compilerVar="CC" />
		</Unit>
		<Unit filename="Source/os_trace.h" />
		<Unit filename="Source/ucos_ii.c">
			<Option compilerVar="CC" />
		</Unit>
		<Unit filename="Source/ucos_ii.h" />
		<Extensions>
			<code_completion />
			<envvars />
			<debugger />
			<lib_finder disable_auto="1" />
		</Extensions>
	</Project>
</CodeBlocks_project_file>
